github.com/pankas87/quasar-fire-core v0.0.0-20220222175250-05d0ee692fc0 h1:0L4Ma2bbduXWHMpgqPTD+/zrEhhqr2VbHuA+mOFeogs=
github.com/pankas87/quasar-fire-core v0.0.0-20220222175250-05d0ee692fc0/go.mod h1:+1BH1jJ0kOPwYJiLZZ3hEgSsHLXm1lf68yV0gxWrroQ=
github.com/pankas87/quasar-fire-core v0.0.1 h1:Uxihoa7lhmn9bSNOwQA5+R10G8/8ZPD4ImJNoKNPDDU=
github.com/pankas87/quasar-fire-core v0.0.1/go.mod h1:+1BH1jJ0kOPwYJiLZZ3hEgSsHLXm1lf68yV0gxWrroQ=
